
Microsoft Visual Studio Solution File, Format Version 12.00
# Visual Studio Version 17
VisualStudioVersion = 17.5.002.0
MinimumVisualStudioVersion = 10.0.40219.1
Project("{2150E333-8FDC-42A3-9474-1A3956D46DE8}") = "backend", "backend", "{5EF9142C-5FD0-4793-B2E3-220572EF7B62}"
EndProject
Project("{9A19103F-16F7-4668-BE54-9A1E7A4F7556}") = "api", "backend\api\api.csproj", "{D5F13E14-8CFF-49C6-8379-6BA2839F09DE}"
EndProject
Global
	GlobalSection(SolutionConfigurationPlatforms) = preSolution
		Debug|Any CPU = Debug|Any CPU
		Release|Any CPU = Release|Any CPU
	EndGlobalSection
	GlobalSection(ProjectConfigurationPlatforms) = postSolution
		{D5F13E14-8CFF-49C6-8379-6BA2839F09DE}.Debug|Any CPU.ActiveCfg = Debug|Any CPU
		{D5F13E14-8CFF-49C6-8379-6BA2839F09DE}.Debug|Any CPU.Build.0 = Debug|Any CPU
		{D5F13E14-8CFF-49C6-8379-6BA2839F09DE}.Release|Any CPU.ActiveCfg = Release|Any CPU
		{D5F13E14-8CFF-49C6-8379-6BA2839F09DE}.Release|Any CPU.Build.0 = Release|Any CPU
	EndGlobalSection
	GlobalSection(SolutionProperties) = preSolution
		HideSolutionNode = FALSE
	EndGlobalSection
	GlobalSection(NestedProjects) = preSolution
		{D5F13E14-8CFF-49C6-8379-6BA2839F09DE} = {5EF9142C-5FD0-4793-B2E3-220572EF7B62}
	EndGlobalSection
	GlobalSection(ExtensibilityGlobals) = postSolution
		SolutionGuid = {5A476EED-2511-43AB-9376-5B8D7DDA8798}
	EndGlobalSection
EndGlobal
